// !$*UTF8*$!
{
	archiveVersion = 1;
	classes = {
	};
	objectVersion = 56;
	objects = {

/* Begin PBXBuildFile section */
		4536A3F32A3184E7009E7E09 /* AppDelegate.swift in Sources */ = {isa = PBXBuildFile; fileRef = 4536A3F22A3184E7009E7E09 /* AppDelegate.swift */; };
		4536A3F52A3184E7009E7E09 /* SceneDelegate.swift in Sources */ = {isa = PBXBuildFile; fileRef = 4536A3F42A3184E7009E7E09 /* SceneDelegate.swift */; };
		4536A3F72A3184E7009E7E09 /* ViewController.swift in Sources */ = {isa = PBXBuildFile; fileRef = 4536A3F62A3184E7009E7E09 /* ViewController.swift */; };
		4536A3FA2A3184E7009E7E09 /* Main.storyboard in Resources */ = {isa = PBXBuildFile; fileRef = 4536A3F82A3184E7009E7E09 /* Main.storyboard */; };
		4536A3FD2A3184E7009E7E09 /* States.xcdatamodeld in Sources */ = {isa = PBXBuildFile; fileRef = 4536A3FB2A3184E7009E7E09 /* States.xcdatamodeld */; };
		4536A4022A3184EB009E7E09 /* LaunchScreen.storyboard in Resources */ = {isa = PBXBuildFile; fileRef = 4536A4002A3184EB009E7E09 /* LaunchScreen.storyboard */; };
		4536A40A2A318527009E7E09 /* ContentView.swift in Sources */ = {isa = PBXBuildFile; fileRef = 4536A4092A318527009E7E09 /* ContentView.swift */; };
		4546FD942A3B79BE00A22240 /* Assets.xcassets in Resources */ = {isa = PBXBuildFile; fileRef = 4546FD932A3B79BD00A22240 /* Assets.xcassets */; };
		45FF64832A31902F00063EA7 /* ListItem+CoreDataClass.swift in Sources */ = {isa = PBXBuildFile; fileRef = 45FF64812A31902F00063EA7 /* ListItem+CoreDataClass.swift */; };
		45FF64842A31902F00063EA7 /* ListItem+CoreDataProperties.swift in Sources */ = {isa = PBXBuildFile; fileRef = 45FF64822A31902F00063EA7 /* ListItem+CoreDataProperties.swift */; };
		45FF64862A31937700063EA7 /* PersistenceController.swift in Sources */ = {isa = PBXBuildFile; fileRef = 45FF64852A31937700063EA7 /* PersistenceController.swift */; };
/* End PBXBuildFile section */

/* Begin PBXFileReference section */
		4536A3EF2A3184E7009E7E09 /* States.app */ = {isa = PBXFileReference; explicitFileType = wrapper.application; includeInIndex = 0; path = States.app; sourceTree = BUILT_PRODUCTS_DIR; };
		4536A3F22A3184E7009E7E09 /* AppDelegate.swift */ = {isa = PBXFileReference; lastKnownFileType = sourcecode.swift; path = AppDelegate.swift; sourceTree = "<group>"; };
		4536A3F42A3184E7009E7E09 /* SceneDelegate.swift */ = {isa = PBXFileReference; lastKnownFileType = sourcecode.swift; path = SceneDelegate.swift; sourceTree = "<group>"; };
		4536A3F62A3184E7009E7E09 /* ViewController.swift */ = {isa = PBXFileReference; lastKnownFileType = sourcecode.swift; path = ViewController.swift; sourceTree = "<group>"; };
		4536A3F92A3184E7009E7E09 /* Base */ = {isa = PBXFileReference; lastKnownFileType = file.storyboard; name = Base; path = Base.lproj/Main.storyboard; sourceTree = "<group>"; };
		4536A3FC2A3184E7009E7E09 /* States.xcdatamodel */ = {isa = PBXFileReference; lastKnownFileType = wrapper.xcdatamodel; path = States.xcdatamodel; sourceTree = "<group>"; };
		4536A4012A3184EB009E7E09 /* Base */ = {isa = PBXFileReference; lastKnownFileType = file.storyboard; name = Base; path = Base.lproj/LaunchScreen.storyboard; sourceTree = "<group>"; };
		4536A4032A3184EB009E7E09 /* Info.plist */ = {isa = PBXFileReference; lastKnownFileType = text.plist.xml; path = Info.plist; sourceTree = "<group>"; };
		4536A4092A318527009E7E09 /* ContentView.swift */ = {isa = PBXFileReference; fileEncoding = 4; lastKnownFileType = sourcecode.swift; path = ContentView.swift; sourceTree = "<group>"; };
		4546FD932A3B79BD00A22240 /* Assets.xcassets */ = {isa = PBXFileReference; lastKnownFileType = folder.assetcatalog; name = Assets.xcassets; path = ../../../../Downloads/StateListsApp/StateListsApp/Assets.xcassets; sourceTree = "<group>"; };
		45FF64812A31902F00063EA7 /* ListItem+CoreDataClass.swift */ = {isa = PBXFileReference; lastKnownFileType = sourcecode.swift; path = "ListItem+CoreDataClass.swift"; sourceTree = "<group>"; };
		45FF64822A31902F00063EA7 /* ListItem+CoreDataProperties.swift */ = {isa = PBXFileReference; lastKnownFileType = sourcecode.swift; path = "ListItem+CoreDataProperties.swift"; sourceTree = "<group>"; };
		45FF64852A31937700063EA7 /* PersistenceController.swift */ = {isa = PBXFileReference; lastKnownFileType = sourcecode.swift; path = PersistenceController.swift; sourceTree = "<group>"; };
/* End PBXFileReference section */

/* Begin PBXFrameworksBuildPhase section */
		4536A3EC2A3184E7009E7E09 /* Frameworks */ = {
			isa = PBXFrameworksBuildPhase;
			buildActionMask = 2147483647;
			files = (
			);
			runOnlyForDeploymentPostprocessing = 0;
		};
/* End PBXFrameworksBuildPhase section */

/* Begin PBXGroup section */
		4536A3E62A3184E7009E7E09 = {
			isa = PBXGroup;
			children = (
				4536A3F12A3184E7009E7E09 /* States */,
				4536A3F02A3184E7009E7E09 /* Products */,
			);
			sourceTree = "<group>";
		};
		4536A3F02A3184E7009E7E09 /* Products */ = {
			isa = PBXGroup;
			children = (
				4536A3EF2A3184E7009E7E09 /* States.app */,
			);
			name = Products;
			sourceTree = "<group>";
		};
		4536A3F12A3184E7009E7E09 /* States */ = {
			isa = PBXGroup;
			children = (
				45FF64812A31902F00063EA7 /* ListItem+CoreDataClass.swift */,
				45FF64822A31902F00063EA7 /* ListItem+CoreDataProperties.swift */,
				45FF64852A31937700063EA7 /* PersistenceController.swift */,
				4536A3F22A3184E7009E7E09 /* AppDelegate.swift */,
				4536A3F42A3184E7009E7E09 /* SceneDelegate.swift */,
				4536A3F62A3184E7009E7E09 /* ViewController.swift */,
				4536A4092A318527009E7E09 /* ContentView.swift */,
				4536A3F82A3184E7009E7E09 /* Main.storyboard */,
				4546FD932A3B79BD00A22240 /* Assets.xcassets */,
				4536A4002A3184EB009E7E09 /* LaunchScreen.storyboard */,
				4536A4032A3184EB009E7E09 /* Info.plist */,
				4536A3FB2A3184E7009E7E09 /* States.xcdatamodeld */,
			);
			path = States;
			sourceTree = "<group>";
		};
/* End PBXGroup section */

/* Begin PBXNativeTarget section */
		4536A3EE2A3184E7009E7E09 /* States */ = {
			isa = PBXNativeTarget;
			buildConfigurationList = 4536A4062A3184EB009E7E09 /* Build configuration list for PBXNativeTarget "States" */;
			buildPhases = (
				4536A3EB2A3184E7009E7E09 /* Sources */,
				4536A3EC2A3184E7009E7E09 /* Frameworks */,
				4536A3ED2A3184E7009E7E09 /* Resources */,
			);
			buildRules = (
			);
			dependencies = (
			);
			name = States;
			productName = States;
			productReference = 4536A3EF2A3184E7009E7E09 /* States.app */;
			productType = "com.apple.product-type.application";
		};
/* End PBXNativeTarget section */

/* Begin PBXProject section */
		4536A3E72A3184E7009E7E09 /* Project object */ = {
			isa = PBXProject;
			attributes = {
				BuildIndependentTargetsInParallel = 1;
				LastSwiftUpdateCheck = 1430;
				LastUpgradeCheck = 1430;
				TargetAttributes = {
					4536A3EE2A3184E7009E7E09 = {
						CreatedOnToolsVersion = 14.3;
					};
				};
			};
			buildConfigurationList = 4536A3EA2A3184E7009E7E09 /* Build configuration list for PBXProject "States" */;
			compatibilityVersion = "Xcode 14.0";
			developmentRegion = en;
			hasScannedForEncodings = 0;
			knownRegions = (
				en,
				Base,
			);
			mainGroup = 4536A3E62A3184E7009E7E09;
			productRefGroup = 4536A3F02A3184E7009E7E09 /* Products */;
			projectDirPath = "";
			projectRoot = "";
			targets = (
				4536A3EE2A3184E7009E7E09 /* States */,
			);
		};
/* End PBXProject section */

/* Begin PBXResourcesBuildPhase section */
		4536A3ED2A3184E7009E7E09 /* Resources */ = {
			isa = PBXResourcesBuildPhase;
			buildActionMask = 2147483647;
			files = (
				4536A4022A3184EB009E7E09 /* LaunchScreen.storyboard in Resources */,
				4546FD942A3B79BE00A22240 /* Assets.xcassets in Resources */,
				4536A3FA2A3184E7009E7E09 /* Main.storyboard in Resources */,
			);
			runOnlyForDeploymentPostprocessing = 0;
		};
/* End PBXResourcesBuildPhase section */

/* Begin PBXSourcesBuildPhase section */
		4536A3EB2A3184E7009E7E09 /* Sources */ = {
			isa = PBXSourcesBuildPhase;
			buildActionMask = 2147483647;
			files = (
				4536A3F72A3184E7009E7E09 /* ViewController.swift in Sources */,
				4536A40A2A318527009E7E09 /* ContentView.swift in Sources */,
				45FF64832A31902F00063EA7 /* ListItem+CoreDataClass.swift in Sources */,
				45FF64842A31902F00063EA7 /* ListItem+CoreDataProperties.swift in Sources */,
				4536A3F32A3184E7009E7E09 /* AppDelegate.swift in Sources */,
				4536A3F52A3184E7009E7E09 /* SceneDelegate.swift in Sources */,
				4536A3FD2A3184E7009E7E09 /* States.xcdatamodeld in Sources */,
				45FF64862A31937700063EA7 /* PersistenceController.swift in Sources */,
			);
			runOnlyForDeploymentPostprocessing = 0;
		};
/* End PBXSourcesBuildPhase section */

/* Begin PBXVariantGroup section */
		4536A3F82A3184E7009E7E09 /* Main.storyboard */ = {
			isa = PBXVariantGroup;
			children = (
				4536A3F92A3184E7009E7E09 /* Base */,
			);
			name = Main.storyboard;
			sourceTree = "<group>";
		};
		4536A4002A3184EB009E7E09 /* LaunchScreen.storyboard */ = {
			isa = PBXVariantGroup;
			children = (
				4536A4012A3184EB009E7E09 /* Base */,
			);
			name = LaunchScreen.storyboard;
			sourceTree = "<group>";
		};
/* End PBXVariantGroup section */

/* Begin XCBuildConfiguration section */
		4536A4042A3184EB009E7E09 /* Debug */ = {
			isa = XCBuildConfiguration;
			buildSettings = {
				ALWAYS_SEARCH_USER_PATHS = NO;
				CLANG_ANALYZER_NONNULL = YES;
				CLANG_ANALYZER_NUMBER_OBJECT_CONVERSION = YES_AGGRESSIVE;
				CLANG_CXX_LANGUAGE_STANDARD = "gnu++20";
				CLANG_ENABLE_MODULES = YES;
				CLANG_ENABLE_OBJC_ARC = YES;
				CLANG_ENABLE_OBJC_WEAK = YES;
				CLANG_WARN_BLOCK_CAPTURE_AUTORELEASING = YES;
				CLANG_WARN_BOOL_CONVERSION = YES;
				CLANG_WARN_COMMA = YES;
				CLANG_WARN_CONSTANT_CONVERSION = YES;
				CLANG_WARN_DEPRECATED_OBJC_IMPLEMENTATIONS = YES;
				CLANG_WARN_DIRECT_OBJC_ISA_USAGE = YES_ERROR;
				CLANG_WARN_DOCUMENTATION_COMMENTS = YES;
				CLANG_WARN_EMPTY_BODY = YES;
				CLANG_WARN_ENUM_CONVERSION = YES;
				CLANG_WARN_INFINITE_RECURSION = YES;
				CLANG_WARN_INT_CONVERSION = YES;
				CLANG_WARN_NON_LITERAL_NULL_CONVERSION = YES;
				CLANG_WARN_OBJC_IMPLICIT_RETAIN_SELF = YES;
				CLANG_WARN_OBJC_LITERAL_CONVERSION = YES;
				CLANG_WARN_OBJC_ROOT_CLASS = YES_ERROR;
				CLANG_WARN_QUOTED_INCLUDE_IN_FRAMEWORK_HEADER = YES;
				CLANG_WARN_RANGE_LOOP_ANALYSIS = YES;
				CLANG_WARN_STRICT_PROTOTYPES = YES;
				CLANG_WARN_SUSPICIOUS_MOVE = YES;
				CLANG_WARN_UNGUARDED_AVAILABILITY = YES_AGGRESSIVE;
				CLANG_WARN_UNREACHABLE_CODE = YES;
				CLANG_WARN__DUPLICATE_METHOD_MATCH = YES;
				COPY_PHASE_STRIP = NO;
				DEBUG_INFORMATION_FORMAT = dwarf;
				ENABLE_STRICT_OBJC_MSGSEND = YES;
				ENABLE_TESTABILITY = YES;
				GCC_C_LANGUAGE_STANDARD = gnu11;
				GCC_DYNAMIC_NO_PIC = NO;
				GCC_NO_COMMON_BLOCKS = YES;
				GCC_OPTIMIZATION_LEVEL = 0;
				GCC_PREPROCESSOR_DEFINITIONS = (
					"DEBUG=1",
					"$(inherited)",
				);
				GCC_WARN_64_TO_32_BIT_CONVERSION = YES;
				GCC_WARN_ABOUT_RETURN_TYPE = YES_ERROR;
				GCC_WARN_UNDECLARED_SELECTOR = YES;
				GCC_WARN_UNINITIALIZED_AUTOS = YES_AGGRESSIVE;
				GCC_WARN_UNUSED_FUNCTION = YES;
				GCC_WARN_UNUSED_VARIABLE = YES;
				IPHONEOS_DEPLOYMENT_TARGET = 16.4;
				MTL_ENABLE_DEBUG_INFO = INCLUDE_SOURCE;
				MTL_FAST_MATH = YES;
				ONLY_ACTIVE_ARCH = YES;
				SDKROOT = iphoneos;
				SWIFT_ACTIVE_COMPILATION_CONDITIONS = DEBUG;
				SWIFT_OPTIMIZATION_LEVEL = "-Onone";
			};
			name = Debug;
		};
		4536A4052A3184EB009E7E09 /* Release */ = {
			isa = XCBuildConfiguration;
			buildSettings = {
				ALWAYS_SEARCH_USER_PATHS = NO;
				CLANG_ANALYZER_NONNULL = YES;
				CLANG_ANALYZER_NUMBER_OBJECT_CONVERSION = YES_AGGRESSIVE;
				CLANG_CXX_LANGUAGE_STANDARD = "gnu++20";
				CLANG_ENABLE_MODULES = YES;
				CLANG_ENABLE_OBJC_ARC = YES;
				CLANG_ENABLE_OBJC_WEAK = YES;
				CLANG_WARN_BLOCK_CAPTURE_AUTORELEASING = YES;
				CLANG_WARN_BOOL_CONVERSION = YES;
				CLANG_WARN_COMMA = YES;
				CLANG_WARN_CONSTANT_CONVERSION = YES;
				CLANG_WARN_DEPRECATED_OBJC_IMPLEMENTATIONS = YES;
				CLANG_WARN_DIRECT_OBJC_ISA_USAGE = YES_ERROR;
				CLANG_WARN_DOCUMENTATION_COMMENTS = YES;
				CLANG_WARN_EMPTY_BODY = YES;
				CLANG_WARN_ENUM_CONVERSION = YES;
				CLANG_WARN_INFINITE_RECURSION = YES;
				CLANG_WARN_INT_CONVERSION = YES;
				CLANG_WARN_NON_LITERAL_NULL_CONVERSION = YES;
				CLANG_WARN_OBJC_IMPLICIT_RETAIN_SELF = YES;
				CLANG_WARN_OBJC_LITERAL_CONVERSION = YES;
				CLANG_WARN_OBJC_ROOT_CLASS = YES_ERROR;
				CLANG_WARN_QUOTED_INCLUDE_IN_FRAMEWORK_HEADER = YES;
				CLANG_WARN_RANGE_LOOP_ANALYSIS = YES;
				CLANG_WARN_STRICT_PROTOTYPES = YES;
				CLANG_WARN_SUSPICIOUS_MOVE = YES;
				CLANG_WARN_UNGUARDED_AVAILABILITY = YES_AGGRESSIVE;
				CLANG_WARN_UNREACHABLE_CODE = YES;
				CLANG_WARN__DUPLICATE_METHOD_MATCH = YES;
				COPY_PHASE_STRIP = NO;
				DEBUG_INFORMATION_FORMAT = "dwarf-with-dsym";
				ENABLE_NS_ASSERTIONS = NO;
				ENABLE_STRICT_OBJC_MSGSEND = YES;
				GCC_C_LANGUAGE_STANDARD = gnu11;
				GCC_NO_COMMON_BLOCKS = YES;
				GCC_WARN_64_TO_32_BIT_CONVERSION = YES;
				GCC_WARN_ABOUT_RETURN_TYPE = YES_ERROR;
				GCC_WARN_UNDECLARED_SELECTOR = YES;
				GCC_WARN_UNINITIALIZED_AUTOS = YES_AGGRESSIVE;
				GCC_WARN_UNUSED_FUNCTION = YES;
				GCC_WARN_UNUSED_VARIABLE = YES;
				IPHONEOS_DEPLOYMENT_TARGET = 16.4;
				MTL_ENABLE_DEBUG_INFO = NO;
				MTL_FAST_MATH = YES;
				SDKROOT = iphoneos;
				SWIFT_COMPILATION_MODE = wholemodule;
				SWIFT_OPTIMIZATION_LEVEL = "-O";
				VALIDATE_PRODUCT = YES;
			};
			name = Release;
		};
		4536A4072A3184EB009E7E09 /* Debug */ = {
			isa = XCBuildConfiguration;
			buildSettings = {
				ASSETCATALOG_COMPILER_APPICON_NAME = AppIcon;
				ASSETCATALOG_COMPILER_GLOBAL_ACCENT_COLOR_NAME = AccentColor;
				CODE_SIGN_STYLE = Automatic;
				CURRENT_PROJECT_VERSION = 1;
				DEVELOPMENT_TEAM = C496LC49DH;
				GENERATE_INFOPLIST_FILE = YES;
				INFOPLIST_FILE = States/Info.plist;
				INFOPLIST_KEY_UIApplicationSupportsIndirectInputEvents = YES;
				INFOPLIST_KEY_UILaunchStoryboardName = LaunchScreen;
				INFOPLIST_KEY_UIMainStoryboardFile = Main;
				INFOPLIST_KEY_UISupportedInterfaceOrientations_iPad = "UIInterfaceOrientationPortrait UIInterfaceOrientationPortraitUpsideDown UIInterfaceOrientationLandscapeLeft UIInterfaceOrientationLandscapeRight";
				INFOPLIST_KEY_UISupportedInterfaceOrientations_iPhone = "UIInterfaceOrientationPortrait UIInterfaceOrientationLandscapeLeft UIInterfaceOrientationLandscapeRight";
				LD_RUNPATH_SEARCH_PATHS = (
					"$(inherited)",
					"@executable_path/Frameworks",
				);
				MARKETING_VERSION = 1.0;
				PRODUCT_BUNDLE_IDENTIFIER = nk.States;
				PRODUCT_NAME = "$(TARGET_NAME)";
				SWIFT_EMIT_LOC_STRINGS = YES;
				SWIFT_VERSION = 5.0;
				TARGETED_DEVICE_FAMILY = "1,2";
			};
			name = Debug;
		};
		4536A4082A3184EB009E7E09 /* Release */ = {
			isa = XCBuildConfiguration;
			buildSettings = {
				ASSETCATALOG_COMPILER_APPICON_NAME = AppIcon;
				ASSETCATALOG_COMPILER_GLOBAL_ACCENT_COLOR_NAME = AccentColor;
				CODE_SIGN_STYLE = Automatic;
				CURRENT_PROJECT_VERSION = 1;
				DEVELOPMENT_TEAM = C496LC49DH;
				GENERATE_INFOPLIST_FILE = YES;
				INFOPLIST_FILE = States/Info.plist;
				INFOPLIST_KEY_UIApplicationSupportsIndirectInputEvents = YES;
				INFOPLIST_KEY_UILaunchStoryboardName = LaunchScreen;
				INFOPLIST_KEY_UIMainStoryboardFile = Main;
				INFOPLIST_KEY_UISupportedInterfaceOrientations_iPad = "UIInterfaceOrientationPortrait UIInterfaceOrientationPortraitUpsideDown UIInterfaceOrientationLandscapeLeft UIInterfaceOrientationLandscapeRight";
				INFOPLIST_KEY_UISupportedInterfaceOrientations_iPhone = "UIInterfaceOrientationPortrait UIInterfaceOrientationLandscapeLeft UIInterfaceOrientationLandscapeRight";
				LD_RUNPATH_SEARCH_PATHS = (
					"$(inherited)",
					"@executable_path/Frameworks",
				);
				MARKETING_VERSION = 1.0;
				PRODUCT_BUNDLE_IDENTIFIER = nk.States;
				PRODUCT_NAME = "$(TARGET_NAME)";
				SWIFT_EMIT_LOC_STRINGS = YES;
				SWIFT_VERSION = 5.0;
				TARGETED_DEVICE_FAMILY = "1,2";
			};
			name = Release;
		};
/* End XCBuildConfiguration section */

/* Begin XCConfigurationList section */
		4536A3EA2A3184E7009E7E09 /* Build configuration list for PBXProject "States" */ = {
			isa = XCConfigurationList;
			buildConfigurations = (
				4536A4042A3184EB009E7E09 /* Debug */,
				4536A4052A3184EB009E7E09 /* Release */,
			);
			defaultConfigurationIsVisible = 0;
			defaultConfigurationName = Release;
		};
		4536A4062A3184EB009E7E09 /* Build configuration list for PBXNativeTarget "States" */ = {
			isa = XCConfigurationList;
			buildConfigurations = (
				4536A4072A3184EB009E7E09 /* Debug */,
				4536A4082A3184EB009E7E09 /* Release */,
			);
			defaultConfigurationIsVisible = 0;
			defaultConfigurationName = Release;
		};
/* End XCConfigurationList section */

/* Begin XCVersionGroup section */
		4536A3FB2A3184E7009E7E09 /* States.xcdatamodeld */ = {
			isa = XCVersionGroup;
			children = (
				4536A3FC2A3184E7009E7E09 /* States.xcdatamodel */,
			);
			currentVersion = 4536A3FC2A3184E7009E7E09 /* States.xcdatamodel */;
			path = States.xcdatamodeld;
			sourceTree = "<group>";
			versionGroupType = wrapper.xcdatamodel;
		};
/* End XCVersionGroup section */
	};
	rootObject = 4536A3E72A3184E7009E7E09 /* Project object */;
}
